# THIS IS AN AUTOGENERATED FILE. DO NOT EDIT THIS FILE DIRECTLY.
# yarn lockfile v1


"@nosea/core@^1.0.2":
  version "1.0.2"
  resolved "https://registry.yarnpkg.com/@nosea/core/-/core-1.0.2.tgz#56234c98f9d2be308aff6268461481f13c5e4272"
  dependencies:
    hable "^0.0.7"

deep-object-diff@^1.1.0:
  version "1.1.0"
  resolved "https://registry.yarnpkg.com/deep-object-diff/-/deep-object-diff-1.1.0.tgz#d6fabf476c2ed1751fc94d5ca693d2ed8c18bc5a"

hable@^0.0.7:
  version "0.0.7"
  resolved "https://registry.yarnpkg.com/hable/-/hable-0.0.7.tgz#9f75bb220d91e02baad5604b9143105e8d8fb8e9"
  dependencies:
    items-promise "^1.0.0"

items-promise@^1.0.0:
  version "1.0.0"
  resolved "https://registry.yarnpkg.com/items-promise/-/items-promise-1.0.0.tgz#a71ff03063078eb82db468f1e2f12df4da34dc01"

lodash@^4.17.11:
  version "4.17.11"
  resolved "https://registry.yarnpkg.com/lodash/-/lodash-4.17.11.tgz#b39ea6229ef607ecd89e2c8df12536891cac9b8d"

mobx@4:
  version "4.9.2"
  resolved "https://registry.yarnpkg.com/mobx/-/mobx-4.9.2.tgz#b6ab4f3cbd47cd19ead3bca8cea7814919d70b9f"
