# THIS IS AN AUTOGENERATED FILE. DO NOT EDIT THIS FILE DIRECTLY.
# yarn lockfile v1


"@babel/runtime@^7.3.1":
  version "7.3.1"
  resolved "https://registry.yarnpkg.com/@babel/runtime/-/runtime-7.3.1.tgz#574b03e8e8a9898eaf4a872a92ea20b7846f6f2a"
  dependencies:
    regenerator-runtime "^0.12.0"

hable@^0.0.7:
  version "0.0.7"
  resolved "https://registry.yarnpkg.com/hable/-/hable-0.0.7.tgz#9f75bb220d91e02baad5604b9143105e8d8fb8e9"
  dependencies:
    items-promise "^1.0.0"

items-promise@^1.0.0:
  version "1.0.0"
  resolved "https://registry.yarnpkg.com/items-promise/-/items-promise-1.0.0.tgz#a71ff03063078eb82db468f1e2f12df4da34dc01"

regenerator-runtime@^0.12.0:
  version "0.12.1"
  resolved "https://registry.yarnpkg.com/regenerator-runtime/-/regenerator-runtime-0.12.1.tgz#fa1a71544764c036f8c49b13a08b2594c9f8a0de"
